
Microsoft Visual Studio Solution File, Format Version 12.00
# Visual Studio Version 17
VisualStudioVersion = 17.3.32811.315
MinimumVisualStudioVersion = 10.0.40219.1
Project("{8BC9CEB8-8B4A-11D0-8D11-00A0C91BC942}") = "与7无关的数", "与7无关的数\与7无关的数.vcxproj", "{8A09ED25-EAF2-4819-AFE3-A9DB37C41DDD}"
EndProject
Global
	GlobalSection(SolutionConfigurationPlatforms) = preSolution
		Debug|x64 = Debug|x64
		Debug|x86 = Debug|x86
		Release|x64 = Release|x64
		Release|x86 = Release|x86
	EndGlobalSection
	GlobalSection(ProjectConfigurationPlatforms) = postSolution
		{8A09ED25-EAF2-4819-AFE3-A9DB37C41DDD}.Debug|x64.ActiveCfg = Debug|x64
		{8A09ED25-EAF2-4819-AFE3-A9DB37C41DDD}.Debug|x64.Build.0 = Debug|x64
		{8A09ED25-EAF2-4819-AFE3-A9DB37C41DDD}.Debug|x86.ActiveCfg = Debug|Win32
		{8A09ED25-EAF2-4819-AFE3-A9DB37C41DDD}.Debug|x86.Build.0 = Debug|Win32
		{8A09ED25-EAF2-4819-AFE3-A9DB37C41DDD}.Release|x64.ActiveCfg = Release|x64
		{8A09ED25-EAF2-4819-AFE3-A9DB37C41DDD}.Release|x64.Build.0 = Release|x64
		{8A09ED25-EAF2-4819-AFE3-A9DB37C41DDD}.Release|x86.ActiveCfg = Release|Win32
		{8A09ED25-EAF2-4819-AFE3-A9DB37C41DDD}.Release|x86.Build.0 = Release|Win32
	EndGlobalSection
	GlobalSection(SolutionProperties) = preSolution
		HideSolutionNode = FALSE
	EndGlobalSection
	GlobalSection(ExtensibilityGlobals) = postSolution
		SolutionGuid = {C1AEF25E-0FDC-48FF-A96D-35445EE1E691}
	EndGlobalSection
EndGlobal
